# THIS IS AN AUTOGENERATED FILE. DO NOT EDIT THIS FILE DIRECTLY.
# yarn lockfile v1


"@emotion/is-prop-valid@1.2.2":
  version "1.2.2"
  resolved "https://registry.yarnpkg.com/@emotion/is-prop-valid/-/is-prop-valid-1.2.2.tgz#d4175076679c6a26faa92b03bb786f9e52612337"
  integrity sha512-uNsoYd37AFmaCdXlg6EYD1KaPOaRWRByMCYzbKUX4+hhMfrxdVSelShywL4JVaAeM/eHUOSprYBQls+/neX3pw==
  dependencies:
    "@emotion/memoize" "^0.8.1"

"@emotion/memoize@^0.8.1":
  version "0.8.1"
  resolved "https://registry.yarnpkg.com/@emotion/memoize/-/memoize-0.8.1.tgz#c1ddb040429c6d21d38cc945fe75c818cfb68e17"
  integrity sha512-W2P2c/VRW1/1tLox0mVUalvnWXxavmv/Oum2aPsRcoDJuob75FC3Y8FbpfLwUegRcxINtGUMPq0tFCvYNTBXNA==

"@emotion/unitless@0.8.1":
  version "0.8.1"
  resolved "https://registry.yarnpkg.com/@emotion/unitless/-/unitless-0.8.1.tgz#182b5a4704ef8ad91bde93f7a860a88fd92c79a3"
  integrity sha512-KOEGMu6dmJZtpadb476IsZBclKvILjopjUii3V+7MnXIQCYh8W3NgNcgwo21n9LXZX6EDIKvqfjYxXebDwxKmQ==

"@esbuild/aix-ppc64@0.25.10":
  version "0.25.10"
  resolved "https://registry.yarnpkg.com/@esbuild/aix-ppc64/-/aix-ppc64-0.25.10.tgz#ee6b7163a13528e099ecf562b972f2bcebe0aa97"
  integrity sha512-0NFWnA+7l41irNuaSVlLfgNT12caWJVLzp5eAVhZ0z1qpxbockccEt3s+149rE64VUI3Ml2zt8Nv5JVc4QXTsw==

"@esbuild/android-arm64@0.25.10":
  version "0.25.10"
  resolved "https://registry.yarnpkg.com/@esbuild/android-arm64/-/android-arm64-0.25.10.tgz#115fc76631e82dd06811bfaf2db0d4979c16e2cb"
  integrity sha512-LSQa7eDahypv/VO6WKohZGPSJDq5OVOo3UoFR1E4t4Gj1W7zEQMUhI+lo81H+DtB+kP+tDgBp+M4oNCwp6kffg==

"@esbuild/android-arm@0.25.10":
  version "0.25.10"
  resolved "https://registry.yarnpkg.com/@esbuild/android-arm/-/android-arm-0.25.10.tgz#8d5811912da77f615398611e5bbc1333fe321aa9"
  integrity sha512-dQAxF1dW1C3zpeCDc5KqIYuZ1tgAdRXNoZP7vkBIRtKZPYe2xVr/d3SkirklCHudW1B45tGiUlz2pUWDfbDD4w==

"@esbuild/android-x64@0.25.10":
  version "0.25.10"
  resolved "https://registry.yarnpkg.com/@esbuild/android-x64/-/android-x64-0.25.10.tgz#e3e96516b2d50d74105bb92594c473e30ddc16b1"
  integrity sha512-MiC9CWdPrfhibcXwr39p9ha1x0lZJ9KaVfvzA0Wxwz9ETX4v5CHfF09bx935nHlhi+MxhA63dKRRQLiVgSUtEg==

"@esbuild/darwin-arm64@0.25.10":
  version "0.25.10"
  resolved "https://registry.yarnpkg.com/@esbuild/darwin-arm64/-/darwin-arm64-0.25.10.tgz#6af6bb1d05887dac515de1b162b59dc71212ed76"
  integrity sha512-JC74bdXcQEpW9KkV326WpZZjLguSZ3DfS8wrrvPMHgQOIEIG/sPXEN/V8IssoJhbefLRcRqw6RQH2NnpdprtMA==

"@esbuild/darwin-x64@0.25.10":
  version "0.25.10"
  resolved "https://registry.yarnpkg.com/@esbuild/darwin-x64/-/darwin-x64-0.25.10.tgz#99ae82347fbd336fc2d28ffd4f05694e6e5b723d"
  integrity sha512-tguWg1olF6DGqzws97pKZ8G2L7Ig1vjDmGTwcTuYHbuU6TTjJe5FXbgs5C1BBzHbJ2bo1m3WkQDbWO2PvamRcg==

"@esbuild/freebsd-arm64@0.25.10":
  version "0.25.10"
  resolved "https://registry.yarnpkg.com/@esbuild/freebsd-arm64/-/freebsd-arm64-0.25.10.tgz#0c6d5558a6322b0bdb17f7025c19bd7d2359437d"
  integrity sha512-3ZioSQSg1HT2N05YxeJWYR+Libe3bREVSdWhEEgExWaDtyFbbXWb49QgPvFH8u03vUPX10JhJPcz7s9t9+boWg==

"@esbuild/freebsd-x64@0.25.10":
  version "0.25.10"
  resolved "https://registry.yarnpkg.com/@esbuild/freebsd-x64/-/freebsd-x64-0.25.10.tgz#8c35873fab8c0857a75300a3dcce4324ca0b9844"
  integrity sha512-LLgJfHJk014Aa4anGDbh8bmI5Lk+QidDmGzuC2D+vP7mv/GeSN+H39zOf7pN5N8p059FcOfs2bVlrRr4SK9WxA==

"@esbuild/linux-arm64@0.25.10":
  version "0.25.10"
  resolved "https://registry.yarnpkg.com/@esbuild/linux-arm64/-/linux-arm64-0.25.10.tgz#3edc2f87b889a15b4cedaf65f498c2bed7b16b90"
  integrity sha512-5luJWN6YKBsawd5f9i4+c+geYiVEw20FVW5x0v1kEMWNq8UctFjDiMATBxLvmmHA4bf7F6hTRaJgtghFr9iziQ==

"@esbuild/linux-arm@0.25.10":
  version "0.25.10"
  resolved "https://registry.yarnpkg.com/@esbuild/linux-arm/-/linux-arm-0.25.10.tgz#86501cfdfb3d110176d80c41b27ed4611471cde7"
  integrity sha512-oR31GtBTFYCqEBALI9r6WxoU/ZofZl962pouZRTEYECvNF/dtXKku8YXcJkhgK/beU+zedXfIzHijSRapJY3vg==

"@esbuild/linux-ia32@0.25.10":
  version "0.25.10"
  resolved "https://registry.yarnpkg.com/@esbuild/linux-ia32/-/linux-ia32-0.25.10.tgz#e6589877876142537c6864680cd5d26a622b9d97"
  integrity sha512-NrSCx2Kim3EnnWgS4Txn0QGt0Xipoumb6z6sUtl5bOEZIVKhzfyp/Lyw4C1DIYvzeW/5mWYPBFJU3a/8Yr75DQ==

"@esbuild/linux-loong64@0.25.10":
  version "0.25.10"
  resolved "https://registry.yarnpkg.com/@esbuild/linux-loong64/-/linux-loong64-0.25.10.tgz#11119e18781f136d8083ea10eb6be73db7532de8"
  integrity sha512-xoSphrd4AZda8+rUDDfD9J6FUMjrkTz8itpTITM4/xgerAZZcFW7Dv+sun7333IfKxGG8gAq+3NbfEMJfiY+Eg==

"@esbuild/linux-mips64el@0.25.10":
  version "0.25.10"
  resolved "https://registry.yarnpkg.com/@esbuild/linux-mips64el/-/linux-mips64el-0.25.10.tgz#3052f5436b0c0c67a25658d5fc87f045e7def9e6"
  integrity sha512-ab6eiuCwoMmYDyTnyptoKkVS3k8fy/1Uvq7Dj5czXI6DF2GqD2ToInBI0SHOp5/X1BdZ26RKc5+qjQNGRBelRA==

"@esbuild/linux-ppc64@0.25.10":
  version "0.25.10"
  resolved "https://registry.yarnpkg.com/@esbuild/linux-ppc64/-/linux-ppc64-0.25.10.tgz#2f098920ee5be2ce799f35e367b28709925a8744"
  integrity sha512-NLinzzOgZQsGpsTkEbdJTCanwA5/wozN9dSgEl12haXJBzMTpssebuXR42bthOF3z7zXFWH1AmvWunUCkBE4EA==

"@esbuild/linux-riscv64@0.25.10":
  version "0.25.10"
  resolved "https://registry.yarnpkg.com/@esbuild/linux-riscv64/-/linux-riscv64-0.25.10.tgz#fa51d7fd0a22a62b51b4b94b405a3198cf7405dd"
  integrity sha512-FE557XdZDrtX8NMIeA8LBJX3dC2M8VGXwfrQWU7LB5SLOajfJIxmSdyL/gU1m64Zs9CBKvm4UAuBp5aJ8OgnrA==

"@esbuild/linux-s390x@0.25.10":
  version "0.25.10"
  resolved "https://registry.yarnpkg.com/@esbuild/linux-s390x/-/linux-s390x-0.25.10.tgz#a27642e36fc282748fdb38954bd3ef4f85791e8a"
  integrity sha512-3BBSbgzuB9ajLoVZk0mGu+EHlBwkusRmeNYdqmznmMc9zGASFjSsxgkNsqmXugpPk00gJ0JNKh/97nxmjctdew==

"@esbuild/linux-x64@0.25.10":
  version "0.25.10"
  resolved "https://registry.yarnpkg.com/@esbuild/linux-x64/-/linux-x64-0.25.10.tgz#9d9b09c0033d17529570ced6d813f98315dfe4e9"
  integrity sha512-QSX81KhFoZGwenVyPoberggdW1nrQZSvfVDAIUXr3WqLRZGZqWk/P4T8p2SP+de2Sr5HPcvjhcJzEiulKgnxtA==

"@esbuild/netbsd-arm64@0.25.10":
  version "0.25.10"
  resolved "https://registry.yarnpkg.com/@esbuild/netbsd-arm64/-/netbsd-arm64-0.25.10.tgz#25c09a659c97e8af19e3f2afd1c9190435802151"
  integrity sha512-AKQM3gfYfSW8XRk8DdMCzaLUFB15dTrZfnX8WXQoOUpUBQ+NaAFCP1kPS/ykbbGYz7rxn0WS48/81l9hFl3u4A==

"@esbuild/netbsd-x64@0.25.10":
  version "0.25.10"
  resolved "https://registry.yarnpkg.com/@esbuild/netbsd-x64/-/netbsd-x64-0.25.10.tgz#7fa5f6ffc19be3a0f6f5fd32c90df3dc2506937a"
  integrity sha512-7RTytDPGU6fek/hWuN9qQpeGPBZFfB4zZgcz2VK2Z5VpdUxEI8JKYsg3JfO0n/Z1E/6l05n0unDCNc4HnhQGig==

"@esbuild/openbsd-arm64@0.25.10":
  version "0.25.10"
  resolved "https://registry.yarnpkg.com/@esbuild/openbsd-arm64/-/openbsd-arm64-0.25.10.tgz#8faa6aa1afca0c6d024398321d6cb1c18e72a1c3"
  integrity sha512-5Se0VM9Wtq797YFn+dLimf2Zx6McttsH2olUBsDml+lm0GOCRVebRWUvDtkY4BWYv/3NgzS8b/UM3jQNh5hYyw==

"@esbuild/openbsd-x64@0.25.10":
  version "0.25.10"
  resolved "https://registry.yarnpkg.com/@esbuild/openbsd-x64/-/openbsd-x64-0.25.10.tgz#a42979b016f29559a8453d32440d3c8cd420af5e"
  integrity sha512-XkA4frq1TLj4bEMB+2HnI0+4RnjbuGZfet2gs/LNs5Hc7D89ZQBHQ0gL2ND6Lzu1+QVkjp3x1gIcPKzRNP8bXw==

"@esbuild/openharmony-arm64@0.25.10":
  version "0.25.10"
  resolved "https://registry.yarnpkg.com/@esbuild/openharmony-arm64/-/openharmony-arm64-0.25.10.tgz#fd87bfeadd7eeb3aa384bbba907459ffa3197cb1"
  integrity sha512-AVTSBhTX8Y/Fz6OmIVBip9tJzZEUcY8WLh7I59+upa5/GPhh2/aM6bvOMQySspnCCHvFi79kMtdJS1w0DXAeag==

"@esbuild/sunos-x64@0.25.10":
  version "0.25.10"
  resolved "https://registry.yarnpkg.com/@esbuild/sunos-x64/-/sunos-x64-0.25.10.tgz#3a18f590e36cb78ae7397976b760b2b8c74407f4"
  integrity sha512-fswk3XT0Uf2pGJmOpDB7yknqhVkJQkAQOcW/ccVOtfx05LkbWOaRAtn5SaqXypeKQra1QaEa841PgrSL9ubSPQ==

"@esbuild/win32-arm64@0.25.10":
  version "0.25.10"
  resolved "https://registry.yarnpkg.com/@esbuild/win32-arm64/-/win32-arm64-0.25.10.tgz#e71741a251e3fd971408827a529d2325551f530c"
  integrity sha512-ah+9b59KDTSfpaCg6VdJoOQvKjI33nTaQr4UluQwW7aEwZQsbMCfTmfEO4VyewOxx4RaDT/xCy9ra2GPWmO7Kw==

"@esbuild/win32-ia32@0.25.10":
  version "0.25.10"
  resolved "https://registry.yarnpkg.com/@esbuild/win32-ia32/-/win32-ia32-0.25.10.tgz#c6f010b5d3b943d8901a0c87ea55f93b8b54bf94"
  integrity sha512-QHPDbKkrGO8/cz9LKVnJU22HOi4pxZnZhhA2HYHez5Pz4JeffhDjf85E57Oyco163GnzNCVkZK0b/n4Y0UHcSw==

"@esbuild/win32-x64@0.25.10":
  version "0.25.10"
  resolved "https://registry.yarnpkg.com/@esbuild/win32-x64/-/win32-x64-0.25.10.tgz#e4b3e255a1b4aea84f6e1d2ae0b73f826c3785bd"
  integrity sha512-9KpxSVFCu0iK1owoez6aC/s/EdUQLDN3adTxGCqxMVhrPDj6bt5dbrHDXUuq+Bs2vATFBBrQS5vdQ/Ed2P+nbw==

"@gsap/react@^2.1.2":
  version "2.1.2"
  resolved "https://registry.yarnpkg.com/@gsap/react/-/react-2.1.2.tgz#bfc055a41b402e8d1dc56839e9d077407027b0a0"
  integrity sha512-JqliybO1837UcgH2hVOM4VO+38APk3ECNrsuSM4MuXp+rbf+/2IG2K1YJiqfTcXQHH7XlA0m3ykniFYstfq0Iw==

"@phosphor-icons/react@^2.1.10":
  version "2.1.10"
  resolved "https://registry.yarnpkg.com/@phosphor-icons/react/-/react-2.1.10.tgz#3a97ec5b7a4b8d53afeb29125bc17e74ed2daf92"
  integrity sha512-vt8Tvq8GLjheAZZYa+YG/pW7HDbov8El/MANW8pOAz4eGxrwhnbfrQZq0Cp4q8zBEu8NIhHdnr+r8thnfRSNYA==

"@rolldown/pluginutils@1.0.0-beta.35":
  version "1.0.0-beta.35"
  resolved "https://registry.yarnpkg.com/@rolldown/pluginutils/-/pluginutils-1.0.0-beta.35.tgz#1a477e7742b154b67519d40e4fc17485de338e7a"
  integrity sha512-slYrCpoxJUqzFDDNlvrOYRazQUNRvWPjXA17dAOISY3rDMxX6k8K4cj2H+hEYMHF81HO3uNd5rHVigAWRM5dSg==

"@rollup/rollup-android-arm-eabi@4.50.2":
  version "4.50.2"
  resolved "https://registry.yarnpkg.com/@rollup/rollup-android-arm-eabi/-/rollup-android-arm-eabi-4.50.2.tgz#52d66eba5198155f265f54aed94d2489c49269f6"
  integrity sha512-uLN8NAiFVIRKX9ZQha8wy6UUs06UNSZ32xj6giK/rmMXAgKahwExvK6SsmgU5/brh4w/nSgj8e0k3c1HBQpa0A==

"@rollup/rollup-android-arm64@4.50.2":
  version "4.50.2"
  resolved "https://registry.yarnpkg.com/@rollup/rollup-android-arm64/-/rollup-android-arm64-4.50.2.tgz#137e8153fc9ce6757531ce300b8d2262299f758e"
  integrity sha512-oEouqQk2/zxxj22PNcGSskya+3kV0ZKH+nQxuCCOGJ4oTXBdNTbv+f/E3c74cNLeMO1S5wVWacSws10TTSB77g==

"@rollup/rollup-darwin-arm64@4.50.2":
  version "4.50.2"
  resolved "https://registry.yarnpkg.com/@rollup/rollup-darwin-arm64/-/rollup-darwin-arm64-4.50.2.tgz#d4afd904386d37192cf5ef7345fdb0dd1bac0bc3"
  integrity sha512-OZuTVTpj3CDSIxmPgGH8en/XtirV5nfljHZ3wrNwvgkT5DQLhIKAeuFSiwtbMto6oVexV0k1F1zqURPKf5rI1Q==

"@rollup/rollup-darwin-x64@4.50.2":
  version "4.50.2"
  resolved "https://registry.yarnpkg.com/@rollup/rollup-darwin-x64/-/rollup-darwin-x64-4.50.2.tgz#6dbe83431fc7cbc09a2b6ed2b9fb7a62dd66ebc2"
  integrity sha512-Wa/Wn8RFkIkr1vy1k1PB//VYhLnlnn5eaJkfTQKivirOvzu5uVd2It01ukeQstMursuz7S1bU+8WW+1UPXpa8A==

"@rollup/rollup-freebsd-arm64@4.50.2":
  version "4.50.2"
  resolved "https://registry.yarnpkg.com/@rollup/rollup-freebsd-arm64/-/rollup-freebsd-arm64-4.50.2.tgz#d35afb9f66154b557b3387d12450920f8a954b96"
  integrity sha512-QkzxvH3kYN9J1w7D1A+yIMdI1pPekD+pWx7G5rXgnIlQ1TVYVC6hLl7SOV9pi5q9uIDF9AuIGkuzcbF7+fAhow==

"@rollup/rollup-freebsd-x64@4.50.2":
  version "4.50.2"
  resolved "https://registry.yarnpkg.com/@rollup/rollup-freebsd-x64/-/rollup-freebsd-x64-4.50.2.tgz#849303ecdc171a420317ad9166a70af308348f34"
  integrity sha512-dkYXB0c2XAS3a3jmyDkX4Jk0m7gWLFzq1C3qUnJJ38AyxIF5G/dyS4N9B30nvFseCfgtCEdbYFhk0ChoCGxPog==

"@rollup/rollup-linux-arm-gnueabihf@4.50.2":
  version "4.50.2"
  resolved "https://registry.yarnpkg.com/@rollup/rollup-linux-arm-gnueabihf/-/rollup-linux-arm-gnueabihf-4.50.2.tgz#ab36199ca613376232794b2f3ba10e2b547a447c"
  integrity sha512-9VlPY/BN3AgbukfVHAB8zNFWB/lKEuvzRo1NKev0Po8sYFKx0i+AQlCYftgEjcL43F2h9Ui1ZSdVBc4En/sP2w==

"@rollup/rollup-linux-arm-musleabihf@4.50.2":
  version "4.50.2"
  resolved "https://registry.yarnpkg.com/@rollup/rollup-linux-arm-musleabihf/-/rollup-linux-arm-musleabihf-4.50.2.tgz#f3704bc2eaecd176f558dc47af64197fcac36e8a"
  integrity sha512-+GdKWOvsifaYNlIVf07QYan1J5F141+vGm5/Y8b9uCZnG/nxoGqgCmR24mv0koIWWuqvFYnbURRqw1lv7IBINw==

"@rollup/rollup-linux-arm64-gnu@4.50.2":
  version "4.50.2"
  resolved "https://registry.yarnpkg.com/@rollup/rollup-linux-arm64-gnu/-/rollup-linux-arm64-gnu-4.50.2.tgz#dda0b06fd1daedd00b34395a2fb4aaaa2ed6c32b"
  integrity sha512-df0Eou14ojtUdLQdPFnymEQteENwSJAdLf5KCDrmZNsy1c3YaCNaJvYsEUHnrg+/DLBH612/R0xd3dD03uz2dg==

"@rollup/rollup-linux-arm64-musl@4.50.2":
  version "4.50.2"
  resolved "https://registry.yarnpkg.com/@rollup/rollup-linux-arm64-musl/-/rollup-linux-arm64-musl-4.50.2.tgz#a018de66209051dad0c58e689e080326c3dd15b0"
  integrity sha512-iPeouV0UIDtz8j1YFR4OJ/zf7evjauqv7jQ/EFs0ClIyL+by++hiaDAfFipjOgyz6y6xbDvJuiU4HwpVMpRFDQ==

"@rollup/rollup-linux-loong64-gnu@4.50.2":
  version "4.50.2"
  resolved "https://registry.yarnpkg.com/@rollup/rollup-linux-loong64-gnu/-/rollup-linux-loong64-gnu-4.50.2.tgz#6e514f09988615e0c98fa5a34a88a30fec64d969"
  integrity sha512-OL6KaNvBopLlj5fTa5D5bau4W82f+1TyTZRr2BdnfsrnQnmdxh4okMxR2DcDkJuh4KeoQZVuvHvzuD/lyLn2Kw==

"@rollup/rollup-linux-ppc64-gnu@4.50.2":
  version "4.50.2"
  resolved "https://registry.yarnpkg.com/@rollup/rollup-linux-ppc64-gnu/-/rollup-linux-ppc64-gnu-4.50.2.tgz#9b2efebc7b4a1951e684a895fdee0fef26319e0d"
  integrity sha512-I21VJl1w6z/K5OTRl6aS9DDsqezEZ/yKpbqlvfHbW0CEF5IL8ATBMuUx6/mp683rKTK8thjs/0BaNrZLXetLag==

"@rollup/rollup-linux-riscv64-gnu@4.50.2":
  version "4.50.2"
  resolved "https://registry.yarnpkg.com/@rollup/rollup-linux-riscv64-gnu/-/rollup-linux-riscv64-gnu-4.50.2.tgz#a7104270e93d75789d1ba857b2c68ddf61f24f68"
  integrity sha512-Hq6aQJT/qFFHrYMjS20nV+9SKrXL2lvFBENZoKfoTH2kKDOJqff5OSJr4x72ZaG/uUn+XmBnGhfr4lwMRrmqCQ==

"@rollup/rollup-linux-riscv64-musl@4.50.2":
  version "4.50.2"
  resolved "https://registry.yarnpkg.com/@rollup/rollup-linux-riscv64-musl/-/rollup-linux-riscv64-musl-4.50.2.tgz#42d153f734a7b9fcacd764cc9bee6c207dca4db6"
  integrity sha512-82rBSEXRv5qtKyr0xZ/YMF531oj2AIpLZkeNYxmKNN6I2sVE9PGegN99tYDLK2fYHJITL1P2Lgb4ZXnv0PjQvw==

"@rollup/rollup-linux-s390x-gnu@4.50.2":
  version "4.50.2"
  resolved "https://registry.yarnpkg.com/@rollup/rollup-linux-s390x-gnu/-/rollup-linux-s390x-gnu-4.50.2.tgz#826ad73099f6fd57c083dc5329151b25404bc67d"
  integrity sha512-4Q3S3Hy7pC6uaRo9gtXUTJ+EKo9AKs3BXKc2jYypEcMQ49gDPFU2P1ariX9SEtBzE5egIX6fSUmbmGazwBVF9w==

"@rollup/rollup-linux-x64-gnu@4.50.2":
  version "4.50.2"
  resolved "https://registry.yarnpkg.com/@rollup/rollup-linux-x64-gnu/-/rollup-linux-x64-gnu-4.50.2.tgz#b9ec17bf0ca3f737d0895fca2115756674342142"
  integrity sha512-9Jie/At6qk70dNIcopcL4p+1UirusEtznpNtcq/u/C5cC4HBX7qSGsYIcG6bdxj15EYWhHiu02YvmdPzylIZlA==

"@rollup/rollup-linux-x64-musl@4.50.2":
  version "4.50.2"
  resolved "https://registry.yarnpkg.com/@rollup/rollup-linux-x64-musl/-/rollup-linux-x64-musl-4.50.2.tgz#29fe0adb45a1d99042f373685efbac9cdd5354d9"
  integrity sha512-HPNJwxPL3EmhzeAnsWQCM3DcoqOz3/IC6de9rWfGR8ZCuEHETi9km66bH/wG3YH0V3nyzyFEGUZeL5PKyy4xvw==

"@rollup/rollup-openharmony-arm64@4.50.2":
  version "4.50.2"
  resolved "https://registry.yarnpkg.com/@rollup/rollup-openharmony-arm64/-/rollup-openharmony-arm64-4.50.2.tgz#29648f11e202736b74413f823b71e339e3068d60"
  integrity sha512-nMKvq6FRHSzYfKLHZ+cChowlEkR2lj/V0jYj9JnGUVPL2/mIeFGmVM2mLaFeNa5Jev7W7TovXqXIG2d39y1KYA==

"@rollup/rollup-win32-arm64-msvc@4.50.2":
  version "4.50.2"
  resolved "https://registry.yarnpkg.com/@rollup/rollup-win32-arm64-msvc/-/rollup-win32-arm64-msvc-4.50.2.tgz#91e7edec80542fd81ab1c2581a91403ac63458ae"
  integrity sha512-eFUvvnTYEKeTyHEijQKz81bLrUQOXKZqECeiWH6tb8eXXbZk+CXSG2aFrig2BQ/pjiVRj36zysjgILkqarS2YA==

"@rollup/rollup-win32-ia32-msvc@4.50.2":
  version "4.50.2"
  resolved "https://registry.yarnpkg.com/@rollup/rollup-win32-ia32-msvc/-/rollup-win32-ia32-msvc-4.50.2.tgz#9b7cd9779f1147a3e8d3ddad432ae64dd222c4e9"
  integrity sha512-cBaWmXqyfRhH8zmUxK3d3sAhEWLrtMjWBRwdMMHJIXSjvjLKvv49adxiEz+FJ8AP90apSDDBx2Tyd/WylV6ikA==

"@rollup/rollup-win32-x64-msvc@4.50.2":
  version "4.50.2"
  resolved "https://registry.yarnpkg.com/@rollup/rollup-win32-x64-msvc/-/rollup-win32-x64-msvc-4.50.2.tgz#40ecd1357526fe328c7af704a283ee8533ca7ad6"
  integrity sha512-APwKy6YUhvZaEoHyM+9xqmTpviEI+9eL7LoCH+aLcvWYHJ663qG5zx7WzWZY+a9qkg5JtzcMyJ9z0WtQBMDmgA==

"@swc/core-darwin-arm64@1.13.5":
  version "1.13.5"
  resolved "https://registry.yarnpkg.com/@swc/core-darwin-arm64/-/core-darwin-arm64-1.13.5.tgz#7638c073946f9297753ed9a2eb198d07b2336a24"
  integrity sha512-lKNv7SujeXvKn16gvQqUQI5DdyY8v7xcoO3k06/FJbHJS90zEwZdQiMNRiqpYw/orU543tPaWgz7cIYWhbopiQ==

"@swc/core-darwin-x64@1.13.5":
  version "1.13.5"
  resolved "https://registry.yarnpkg.com/@swc/core-darwin-x64/-/core-darwin-x64-1.13.5.tgz#18061167378f0fb285e17818494bc6c89dd07551"
  integrity sha512-ILd38Fg/w23vHb0yVjlWvQBoE37ZJTdlLHa8LRCFDdX4WKfnVBiblsCU9ar4QTMNdeTBEX9iUF4IrbNWhaF1Ng==

"@swc/core-linux-arm-gnueabihf@1.13.5":
  version "1.13.5"
  resolved "https://registry.yarnpkg.com/@swc/core-linux-arm-gnueabihf/-/core-linux-arm-gnueabihf-1.13.5.tgz#4c8062bd598049b5b9b0beb762e075e76b4c23c3"
  integrity sha512-Q6eS3Pt8GLkXxqz9TAw+AUk9HpVJt8Uzm54MvPsqp2yuGmY0/sNaPPNVqctCX9fu/Nu8eaWUen0si6iEiCsazQ==

"@swc/core-linux-arm64-gnu@1.13.5":
  version "1.13.5"
  resolved "https://registry.yarnpkg.com/@swc/core-linux-arm64-gnu/-/core-linux-arm64-gnu-1.13.5.tgz#7222d321197ea9304e387933e87d775849fc1ae6"
  integrity sha512-aNDfeN+9af+y+M2MYfxCzCy/VDq7Z5YIbMqRI739o8Ganz6ST+27kjQFd8Y/57JN/hcnUEa9xqdS3XY7WaVtSw==

"@swc/core-linux-arm64-musl@1.13.5":
  version "1.13.5"
  resolved "https://registry.yarnpkg.com/@swc/core-linux-arm64-musl/-/core-linux-arm64-musl-1.13.5.tgz#51e7958deaf37edc212bd9dc0ea1476f151d2bea"
  integrity sha512-9+ZxFN5GJag4CnYnq6apKTnnezpfJhCumyz0504/JbHLo+Ue+ZtJnf3RhyA9W9TINtLE0bC4hKpWi8ZKoETyOQ==

"@swc/core-linux-x64-gnu@1.13.5":
  version "1.13.5"
  resolved "https://registry.yarnpkg.com/@swc/core-linux-x64-gnu/-/core-linux-x64-gnu-1.13.5.tgz#3476beab93ab03e92844d955ca9d9289aa4a5993"
  integrity sha512-WD530qvHrki8Ywt/PloKUjaRKgstQqNGvmZl54g06kA+hqtSE2FTG9gngXr3UJxYu/cNAjJYiBifm7+w4nbHbA==

"@swc/core-linux-x64-musl@1.13.5":
  version "1.13.5"
  resolved "https://registry.yarnpkg.com/@swc/core-linux-x64-musl/-/core-linux-x64-musl-1.13.5.tgz#f4934b1e77e2a297909bb3ab977836205c36e5e0"
  integrity sha512-Luj8y4OFYx4DHNQTWjdIuKTq2f5k6uSXICqx+FSabnXptaOBAbJHNbHT/06JZh6NRUouaf0mYXN0mcsqvkhd7Q==

"@swc/core-win32-arm64-msvc@1.13.5":
  version "1.13.5"
  resolved "https://registry.yarnpkg.com/@swc/core-win32-arm64-msvc/-/core-win32-arm64-msvc-1.13.5.tgz#5084c107435cfc82d4d901bfb388dc319d38a236"
  integrity sha512-cZ6UpumhF9SDJvv4DA2fo9WIzlNFuKSkZpZmPG1c+4PFSEMy5DFOjBSllCvnqihCabzXzpn6ykCwBmHpy31vQw==

"@swc/core-win32-ia32-msvc@1.13.5":
  version "1.13.5"
  resolved "https://registry.yarnpkg.com/@swc/core-win32-ia32-msvc/-/core-win32-ia32-msvc-1.13.5.tgz#f8b2e28bc51b30467e316ed736a130c1324b9880"
  integrity sha512-C5Yi/xIikrFUzZcyGj9L3RpKljFvKiDMtyDzPKzlsDrKIw2EYY+bF88gB6oGY5RGmv4DAX8dbnpRAqgFD0FMEw==

"@swc/core-win32-x64-msvc@1.13.5":
  version "1.13.5"
  resolved "https://registry.yarnpkg.com/@swc/core-win32-x64-msvc/-/core-win32-x64-msvc-1.13.5.tgz#13883cf3c63bf11b787e28dcdf75ca0cc49efa83"
  integrity sha512-YrKdMVxbYmlfybCSbRtrilc6UA8GF5aPmGKBdPvjrarvsmf4i7ZHGCEnLtfOMd3Lwbs2WUZq3WdMbozYeLU93Q==

"@swc/core@^1.13.5":
  version "1.13.5"
  resolved "https://registry.yarnpkg.com/@swc/core/-/core-1.13.5.tgz#93874b831d3bd121560e6fcd688972b7fc7baa26"
  integrity sha512-WezcBo8a0Dg2rnR82zhwoR6aRNxeTGfK5QCD6TQ+kg3xx/zNT02s/0o+81h/3zhvFSB24NtqEr8FTw88O5W/JQ==
  dependencies:
    "@swc/counter" "^0.1.3"
    "@swc/types" "^0.1.24"
  optionalDependencies:
    "@swc/core-darwin-arm64" "1.13.5"
    "@swc/core-darwin-x64" "1.13.5"
    "@swc/core-linux-arm-gnueabihf" "1.13.5"
    "@swc/core-linux-arm64-gnu" "1.13.5"
    "@swc/core-linux-arm64-musl" "1.13.5"
    "@swc/core-linux-x64-gnu" "1.13.5"
    "@swc/core-linux-x64-musl" "1.13.5"
    "@swc/core-win32-arm64-msvc" "1.13.5"
    "@swc/core-win32-ia32-msvc" "1.13.5"
    "@swc/core-win32-x64-msvc" "1.13.5"

"@swc/counter@^0.1.3":
  version "0.1.3"
  resolved "https://registry.yarnpkg.com/@swc/counter/-/counter-0.1.3.tgz#cc7463bd02949611c6329596fccd2b0ec782b0e9"
  integrity sha512-e2BR4lsJkkRlKZ/qCHPw9ZaSxc0MVUd7gtbtaB7aMvHeJVYe8sOB8DBZkP2DtISHGSku9sCK6T6cnY0CtXrOCQ==

"@swc/types@^0.1.24":
  version "0.1.25"
  resolved "https://registry.yarnpkg.com/@swc/types/-/types-0.1.25.tgz#b517b2a60feb37dd933e542d93093719e4cf1078"
  integrity sha512-iAoY/qRhNH8a/hBvm3zKj9qQ4oc2+3w1unPJa2XvTK3XjeLXtzcCingVPw/9e5mn1+0yPqxcBGp9Jf0pkfMb1g==
  dependencies:
    "@swc/counter" "^0.1.3"

"@types/estree@1.0.8":
  version "1.0.8"
  resolved "https://registry.yarnpkg.com/@types/estree/-/estree-1.0.8.tgz#958b91c991b1867ced318bedea0e215ee050726e"
  integrity sha512-dWHzHa2WqEXI/O1E9OjrocMTKJl2mSrEolh1Iomrv6U+JuNwaHXsXx9bLu5gG7BUWFIN0skIQJQ/L1rIex4X6w==

"@types/hoist-non-react-statics@*":
  version "3.3.7"
  resolved "https://registry.yarnpkg.com/@types/hoist-non-react-statics/-/hoist-non-react-statics-3.3.7.tgz#306e3a3a73828522efa1341159da4846e7573a6c"
  integrity sha512-PQTyIulDkIDro8P+IHbKCsw7U2xxBYflVzW/FgWdCAePD9xGSidgA76/GeJ6lBKoblyhf9pBY763gbrN+1dI8g==
  dependencies:
    hoist-non-react-statics "^3.3.0"

"@types/react-dom@^19.1.9":
  version "19.1.9"
  resolved "https://registry.yarnpkg.com/@types/react-dom/-/react-dom-19.1.9.tgz#5ab695fce1e804184767932365ae6569c11b4b4b"
  integrity sha512-qXRuZaOsAdXKFyOhRBg6Lqqc0yay13vN7KrIg4L7N4aaHN68ma9OK3NE1BoDFgFOTfM7zg+3/8+2n8rLUH3OKQ==

"@types/react@*", "@types/react@^19.1.13":
  version "19.1.13"
  resolved "https://registry.yarnpkg.com/@types/react/-/react-19.1.13.tgz#fc650ffa680d739a25a530f5d7ebe00cdd771883"
  integrity sha512-hHkbU/eoO3EG5/MZkuFSKmYqPbSVk5byPFa3e7y/8TybHiLMACgI8seVYlicwk7H5K/rI2px9xrQp/C+AUDTiQ==
  dependencies:
    csstype "^3.0.2"

"@types/styled-components@^5.1.34":
  version "5.1.34"
  resolved "https://registry.yarnpkg.com/@types/styled-components/-/styled-components-5.1.34.tgz#4107df8ef8a7eaba4fa6b05f78f93fba4daf0300"
  integrity sha512-mmiVvwpYklFIv9E8qfxuPyIt/OuyIrn6gMOAMOFUO3WJfSrSE+sGUoa4PiZj77Ut7bKZpaa6o1fBKS/4TOEvnA==
  dependencies:
    "@types/hoist-non-react-statics" "*"
    "@types/react" "*"
    csstype "^3.0.2"

"@types/stylis@4.2.5":
  version "4.2.5"
  resolved "https://registry.yarnpkg.com/@types/stylis/-/stylis-4.2.5.tgz#1daa6456f40959d06157698a653a9ab0a70281df"
  integrity sha512-1Xve+NMN7FWjY14vLoY5tL3BVEQ/n42YLwaqJIPYhotZ9uBHt87VceMwWQpzmdEt2TNXIorIFG+YeCUUW7RInw==

"@vitejs/plugin-react-swc@^4.0.1":
  version "4.1.0"
  resolved "https://registry.yarnpkg.com/@vitejs/plugin-react-swc/-/plugin-react-swc-4.1.0.tgz#257a55049ebaf9d0a873575b2dff3616e4e82b33"
  integrity sha512-Ff690TUck0Anlh7wdIcnsVMhofeEVgm44Y4OYdeeEEPSKyZHzDI9gfVBvySEhDfXtBp8tLCbfsVKPWEMEjq8/g==
  dependencies:
    "@rolldown/pluginutils" "1.0.0-beta.35"
    "@swc/core" "^1.13.5"

camelize@^1.0.0:
  version "1.0.1"
  resolved "https://registry.yarnpkg.com/camelize/-/camelize-1.0.1.tgz#89b7e16884056331a35d6b5ad064332c91daa6c3"
  integrity sha512-dU+Tx2fsypxTgtLoE36npi3UqcjSSMNYfkqgmoEhtZrraP5VWq0K7FkWVTYa8eMPtnU/G2txVsfdCJTn9uzpuQ==

cookie@^1.0.1:
  version "1.0.2"
  resolved "https://registry.yarnpkg.com/cookie/-/cookie-1.0.2.tgz#27360701532116bd3f1f9416929d176afe1e4610"
  integrity sha512-9Kr/j4O16ISv8zBBhJoi4bXOYNTkFLOqSL3UDB0njXxCXNezjeyVrJyGOWtgfs/q2km1gwBcfH8q1yEGoMYunA==

css-color-keywords@^1.0.0:
  version "1.0.0"
  resolved "https://registry.yarnpkg.com/css-color-keywords/-/css-color-keywords-1.0.0.tgz#fea2616dc676b2962686b3af8dbdbe180b244e05"
  integrity sha512-FyyrDHZKEjXDpNJYvVsV960FiqQyXc/LlYmsxl2BcdMb2WPx0OGRVgTg55rPSyLSNMqP52R9r8geSp7apN3Ofg==

css-to-react-native@3.2.0:
  version "3.2.0"
  resolved "https://registry.yarnpkg.com/css-to-react-native/-/css-to-react-native-3.2.0.tgz#cdd8099f71024e149e4f6fe17a7d46ecd55f1e32"
  integrity sha512-e8RKaLXMOFii+02mOlqwjbD00KSEKqblnpO9e++1aXS1fPQOpS1YoqdVHBqPjHNoxeF2mimzVqawm2KCbEdtHQ==
  dependencies:
    camelize "^1.0.0"
    css-color-keywords "^1.0.0"
    postcss-value-parser "^4.0.2"

csstype@3.1.3, csstype@^3.0.2:
  version "3.1.3"
  resolved "https://registry.yarnpkg.com/csstype/-/csstype-3.1.3.tgz#d80ff294d114fb0e6ac500fbf85b60137d7eff81"
  integrity sha512-M1uQkMl8rQK/szD0LNhtqxIPLpimGm8sOBwU7lLnCpSbTyY3yeU1Vc7l4KT5zT4s/yOxHH5O7tIuuLOCnLADRw==

esbuild@^0.25.0:
  version "0.25.10"
  resolved "https://registry.yarnpkg.com/esbuild/-/esbuild-0.25.10.tgz#37f5aa5cd14500f141be121c01b096ca83ac34a9"
  integrity sha512-9RiGKvCwaqxO2owP61uQ4BgNborAQskMR6QusfWzQqv7AZOg5oGehdY2pRJMTKuwxd1IDBP4rSbI5lHzU7SMsQ==
  optionalDependencies:
    "@esbuild/aix-ppc64" "0.25.10"
    "@esbuild/android-arm" "0.25.10"
    "@esbuild/android-arm64" "0.25.10"
    "@esbuild/android-x64" "0.25.10"
    "@esbuild/darwin-arm64" "0.25.10"
    "@esbuild/darwin-x64" "0.25.10"
    "@esbuild/freebsd-arm64" "0.25.10"
    "@esbuild/freebsd-x64" "0.25.10"
    "@esbuild/linux-arm" "0.25.10"
    "@esbuild/linux-arm64" "0.25.10"
    "@esbuild/linux-ia32" "0.25.10"
    "@esbuild/linux-loong64" "0.25.10"
    "@esbuild/linux-mips64el" "0.25.10"
    "@esbuild/linux-ppc64" "0.25.10"
    "@esbuild/linux-riscv64" "0.25.10"
    "@esbuild/linux-s390x" "0.25.10"
    "@esbuild/linux-x64" "0.25.10"
    "@esbuild/netbsd-arm64" "0.25.10"
    "@esbuild/netbsd-x64" "0.25.10"
    "@esbuild/openbsd-arm64" "0.25.10"
    "@esbuild/openbsd-x64" "0.25.10"
    "@esbuild/openharmony-arm64" "0.25.10"
    "@esbuild/sunos-x64" "0.25.10"
    "@esbuild/win32-arm64" "0.25.10"
    "@esbuild/win32-ia32" "0.25.10"
    "@esbuild/win32-x64" "0.25.10"

eslint-plugin-react-hooks@^5.2.0:
  version "5.2.0"
  resolved "https://registry.yarnpkg.com/eslint-plugin-react-hooks/-/eslint-plugin-react-hooks-5.2.0.tgz#1be0080901e6ac31ce7971beed3d3ec0a423d9e3"
  integrity sha512-+f15FfK64YQwZdJNELETdn5ibXEUQmW1DZL6KXhNnc2heoy/sg9VJJeT7n8TlMWouzWqSWavFkIhHyIbIAEapg==

eslint-plugin-react-refresh@^0.4.20:
  version "0.4.20"
  resolved "https://registry.yarnpkg.com/eslint-plugin-react-refresh/-/eslint-plugin-react-refresh-0.4.20.tgz#3bbfb5c8637e28d19ce3443686445e502ecd18ba"
  integrity sha512-XpbHQ2q5gUF8BGOX4dHe+71qoirYMhApEPZ7sfhF/dNnOF1UXnCMGZf79SFTBO7Bz5YEIT4TMieSlJBWhP9WBA==

fdir@^6.5.0:
  version "6.5.0"
  resolved "https://registry.yarnpkg.com/fdir/-/fdir-6.5.0.tgz#ed2ab967a331ade62f18d077dae192684d50d350"
  integrity sha512-tIbYtZbucOs0BRGqPJkshJUYdL+SDH7dVM8gjy+ERp3WAUjLEFJE+02kanyHtwjWOnwrKYBiwAmM0p4kLJAnXg==

fsevents@~2.3.2, fsevents@~2.3.3:
  version "2.3.3"
  resolved "https://registry.yarnpkg.com/fsevents/-/fsevents-2.3.3.tgz#cac6407785d03675a2a5e1a5305c697b347d90d6"
  integrity sha512-5xoDfX+fL7faATnagmWPpbFtwh/R77WmMMqqHGS65C3vvB0YHrgF+B1YmZ3441tMj5n63k0212XNoJwzlhffQw==

gsap@^3.13.0:
  version "3.13.0"
  resolved "https://registry.yarnpkg.com/gsap/-/gsap-3.13.0.tgz#597d4e019a2bb487785387d91296adebf92db9dd"
  integrity sha512-QL7MJ2WMjm1PHWsoFrAQH/J8wUeqZvMtHO58qdekHpCfhvhSL4gSiz6vJf5EeMP0LOn3ZCprL2ki/gjED8ghVw==

hoist-non-react-statics@^3.3.0:
  version "3.3.2"
  resolved "https://registry.yarnpkg.com/hoist-non-react-statics/-/hoist-non-react-statics-3.3.2.tgz#ece0acaf71d62c2969c2ec59feff42a4b1a85b45"
  integrity sha512-/gGivxi8JPKWNm/W0jSmzcMPpfpPLc3dY/6GxhX2hQ9iGj3aDfklV4ET7NjKpSinLpJ5vafa9iiGIEZg10SfBw==
  dependencies:
    react-is "^16.7.0"

nanoid@^3.3.11, nanoid@^3.3.7:
  version "3.3.11"
  resolved "https://registry.yarnpkg.com/nanoid/-/nanoid-3.3.11.tgz#4f4f112cefbe303202f2199838128936266d185b"
  integrity sha512-N8SpfPUnUp1bK+PMYW8qSWdl9U+wwNWI4QKxOYDy9JAro3WMX7p2OeVRF9v+347pnakNevPmiHhNmZ2HbFA76w==

picocolors@^1.1.1:
  version "1.1.1"
  resolved "https://registry.yarnpkg.com/picocolors/-/picocolors-1.1.1.tgz#3d321af3eab939b083c8f929a1d12cda81c26b6b"
  integrity sha512-xceH2snhtb5M9liqDsmEw56le376mTZkEX/jEb/RxNFyegNul7eNslCXP9FDj/Lcu0X8KEyMceP2ntpaHrDEVA==

picomatch@^4.0.3:
  version "4.0.3"
  resolved "https://registry.yarnpkg.com/picomatch/-/picomatch-4.0.3.tgz#796c76136d1eead715db1e7bad785dedd695a042"
  integrity sha512-5gTmgEY/sqK6gFXLIsQNH19lWb4ebPDLA4SdLP7dsWkIXHWlG66oPuVvXSGFPppYZz8ZDZq0dYYrbHfBCVUb1Q==

postcss-value-parser@^4.0.2:
  version "4.2.0"
  resolved "https://registry.yarnpkg.com/postcss-value-parser/-/postcss-value-parser-4.2.0.tgz#723c09920836ba6d3e5af019f92bc0971c02e514"
  integrity sha512-1NNCs6uurfkVbeXG4S8JFT9t19m45ICnif8zWLd5oPSZ50QnwMfK+H3jv408d4jw/7Bttv5axS5IiHoLaVNHeQ==

postcss@8.4.49:
  version "8.4.49"
  resolved "https://registry.yarnpkg.com/postcss/-/postcss-8.4.49.tgz#4ea479048ab059ab3ae61d082190fabfd994fe19"
  integrity sha512-OCVPnIObs4N29kxTjzLfUryOkvZEq+pf8jTF0lg8E7uETuWHA+v7j3c/xJmiqpX450191LlmZfUKkXxkTry7nA==
  dependencies:
    nanoid "^3.3.7"
    picocolors "^1.1.1"
    source-map-js "^1.2.1"

postcss@^8.5.6:
  version "8.5.6"
  resolved "https://registry.yarnpkg.com/postcss/-/postcss-8.5.6.tgz#2825006615a619b4f62a9e7426cc120b349a8f3c"
  integrity sha512-3Ybi1tAuwAP9s0r1UQ2J4n5Y0G05bJkpUIO0/bI9MhwmD70S5aTWbXGBwxHrelT+XM1k6dM0pk+SwNkpTRN7Pg==
  dependencies:
    nanoid "^3.3.11"
    picocolors "^1.1.1"
    source-map-js "^1.2.1"

react-dom@^19.1.1:
  version "19.1.1"
  resolved "https://registry.yarnpkg.com/react-dom/-/react-dom-19.1.1.tgz#2daa9ff7f3ae384aeb30e76d5ee38c046dc89893"
  integrity sha512-Dlq/5LAZgF0Gaz6yiqZCf6VCcZs1ghAJyrsu84Q/GT0gV+mCxbfmKNoGRKBYMJ8IEdGPqu49YWXD02GCknEDkw==
  dependencies:
    scheduler "^0.26.0"

react-is@^16.7.0:
  version "16.13.1"
  resolved "https://registry.yarnpkg.com/react-is/-/react-is-16.13.1.tgz#789729a4dc36de2999dc156dd6c1d9c18cea56a4"
  integrity sha512-24e6ynE2H+OKt4kqsOvNd8kBpV65zoxbA4BVsEOB3ARVWQki/DHzaUoC5KuON/BiccDaCCTZBuOcfZs70kR8bQ==

react-router@^7.9.1:
  version "7.9.1"
  resolved "https://registry.yarnpkg.com/react-router/-/react-router-7.9.1.tgz#b227410c31f24dd416c939ca5d0f8d5c8a1404d4"
  integrity sha512-pfAByjcTpX55mqSDGwGnY9vDCpxqBLASg0BMNAuMmpSGESo/TaOUG6BllhAtAkCGx8Rnohik/XtaqiYUJtgW2g==
  dependencies:
    cookie "^1.0.1"
    set-cookie-parser "^2.6.0"

react@^19.1.1:
  version "19.1.1"
  resolved "https://registry.yarnpkg.com/react/-/react-19.1.1.tgz#06d9149ec5e083a67f9a1e39ce97b06a03b644af"
  integrity sha512-w8nqGImo45dmMIfljjMwOGtbmC/mk4CMYhWIicdSflH91J9TyCyczcPFXJzrZ/ZXcgGRFeP6BU0BEJTw6tZdfQ==

rollup@^4.43.0:
  version "4.50.2"
  resolved "https://registry.yarnpkg.com/rollup/-/rollup-4.50.2.tgz#938d898394939f3386d1e367ee6410a796b8f268"
  integrity sha512-BgLRGy7tNS9H66aIMASq1qSYbAAJV6Z6WR4QYTvj5FgF15rZ/ympT1uixHXwzbZUBDbkvqUI1KR0fH1FhMaQ9w==
  dependencies:
    "@types/estree" "1.0.8"
  optionalDependencies:
    "@rollup/rollup-android-arm-eabi" "4.50.2"
    "@rollup/rollup-android-arm64" "4.50.2"
    "@rollup/rollup-darwin-arm64" "4.50.2"
    "@rollup/rollup-darwin-x64" "4.50.2"
    "@rollup/rollup-freebsd-arm64" "4.50.2"
    "@rollup/rollup-freebsd-x64" "4.50.2"
    "@rollup/rollup-linux-arm-gnueabihf" "4.50.2"
    "@rollup/rollup-linux-arm-musleabihf" "4.50.2"
    "@rollup/rollup-linux-arm64-gnu" "4.50.2"
    "@rollup/rollup-linux-arm64-musl" "4.50.2"
    "@rollup/rollup-linux-loong64-gnu" "4.50.2"
    "@rollup/rollup-linux-ppc64-gnu" "4.50.2"
    "@rollup/rollup-linux-riscv64-gnu" "4.50.2"
    "@rollup/rollup-linux-riscv64-musl" "4.50.2"
    "@rollup/rollup-linux-s390x-gnu" "4.50.2"
    "@rollup/rollup-linux-x64-gnu" "4.50.2"
    "@rollup/rollup-linux-x64-musl" "4.50.2"
    "@rollup/rollup-openharmony-arm64" "4.50.2"
    "@rollup/rollup-win32-arm64-msvc" "4.50.2"
    "@rollup/rollup-win32-ia32-msvc" "4.50.2"
    "@rollup/rollup-win32-x64-msvc" "4.50.2"
    fsevents "~2.3.2"

scheduler@^0.26.0:
  version "0.26.0"
  resolved "https://registry.yarnpkg.com/scheduler/-/scheduler-0.26.0.tgz#4ce8a8c2a2095f13ea11bf9a445be50c555d6337"
  integrity sha512-NlHwttCI/l5gCPR3D1nNXtWABUmBwvZpEQiD4IXSbIDq8BzLIK/7Ir5gTFSGZDUu37K5cMNp0hFtzO38sC7gWA==

set-cookie-parser@^2.6.0:
  version "2.7.1"
  resolved "https://registry.yarnpkg.com/set-cookie-parser/-/set-cookie-parser-2.7.1.tgz#3016f150072202dfbe90fadee053573cc89d2943"
  integrity sha512-IOc8uWeOZgnb3ptbCURJWNjWUPcO3ZnTTdzsurqERrP6nPyv+paC55vJM0LpOlT2ne+Ix+9+CRG1MNLlyZ4GjQ==

shallowequal@1.1.0:
  version "1.1.0"
  resolved "https://registry.yarnpkg.com/shallowequal/-/shallowequal-1.1.0.tgz#188d521de95b9087404fd4dcb68b13df0ae4e7f8"
  integrity sha512-y0m1JoUZSlPAjXVtPPW70aZWfIL/dSP7AFkRnniLCrK/8MDKog3TySTBmckD+RObVxH0v4Tox67+F14PdED2oQ==

source-map-js@^1.2.1:
  version "1.2.1"
  resolved "https://registry.yarnpkg.com/source-map-js/-/source-map-js-1.2.1.tgz#1ce5650fddd87abc099eda37dcff024c2667ae46"
  integrity sha512-UXWMKhLOwVKb728IUtQPXxfYU+usdybtUrK/8uGE8CQMvrhOpwvzDBwj0QhSL7MQc7vIsISBG8VQ8+IDQxpfQA==

styled-components@^6.1.19:
  version "6.1.19"
  resolved "https://registry.yarnpkg.com/styled-components/-/styled-components-6.1.19.tgz#9a41b4db79a3b7a2477daecabe8dd917235263d6"
  integrity sha512-1v/e3Dl1BknC37cXMhwGomhO8AkYmN41CqyX9xhUDxry1ns3BFQy2lLDRQXJRdVVWB9OHemv/53xaStimvWyuA==
  dependencies:
    "@emotion/is-prop-valid" "1.2.2"
    "@emotion/unitless" "0.8.1"
    "@types/stylis" "4.2.5"
    css-to-react-native "3.2.0"
    csstype "3.1.3"
    postcss "8.4.49"
    shallowequal "1.1.0"
    stylis "4.3.2"
    tslib "2.6.2"

stylis@4.3.2:
  version "4.3.2"
  resolved "https://registry.yarnpkg.com/stylis/-/stylis-4.3.2.tgz#8f76b70777dd53eb669c6f58c997bf0a9972e444"
  integrity sha512-bhtUjWd/z6ltJiQwg0dUfxEJ+W+jdqQd8TbWLWyeIJHlnsqmGLRFFd8e5mA0AZi/zx90smXRlN66YMTcaSFifg==

tinyglobby@^0.2.15:
  version "0.2.15"
  resolved "https://registry.yarnpkg.com/tinyglobby/-/tinyglobby-0.2.15.tgz#e228dd1e638cea993d2fdb4fcd2d4602a79951c2"
  integrity sha512-j2Zq4NyQYG5XMST4cbs02Ak8iJUdxRM0XI5QyxXuZOzKOINmWurp3smXu3y5wDcJrptwpSjgXHzIQxR0omXljQ==
  dependencies:
    fdir "^6.5.0"
    picomatch "^4.0.3"

tslib@2.6.2:
  version "2.6.2"
  resolved "https://registry.yarnpkg.com/tslib/-/tslib-2.6.2.tgz#703ac29425e7b37cd6fd456e92404d46d1f3e4ae"
  integrity sha512-AEYxH93jGFPn/a2iVAwW87VuUIkR1FVUKB77NwMF7nBTDkDrrT/Hpt/IrCJ0QXhW27jTBDcf5ZY7w6RiqTMw2Q==

typescript@~5.8.3:
  version "5.8.3"
  resolved "https://registry.yarnpkg.com/typescript/-/typescript-5.8.3.tgz#92f8a3e5e3cf497356f4178c34cd65a7f5e8440e"
  integrity sha512-p1diW6TqL9L07nNxvRMM7hMMw4c5XOo/1ibL4aAIGmSAt9slTE1Xgw5KWuof2uTOvCg9BY7ZRi+GaF+7sfgPeQ==

vite@^7.1.6:
  version "7.1.6"
  resolved "https://registry.yarnpkg.com/vite/-/vite-7.1.6.tgz#336806d29983135677f498a05efb0fd46c5eef2d"
  integrity sha512-SRYIB8t/isTwNn8vMB3MR6E+EQZM/WG1aKmmIUCfDXfVvKfc20ZpamngWHKzAmmu9ppsgxsg4b2I7c90JZudIQ==
  dependencies:
    esbuild "^0.25.0"
    fdir "^6.5.0"
    picomatch "^4.0.3"
    postcss "^8.5.6"
    rollup "^4.43.0"
    tinyglobby "^0.2.15"
  optionalDependencies:
    fsevents "~2.3.3"
